{
  "name": "iwaradownloadtool",
  "version": "3.0.0",
  "lockfileVersion": 3,
  "requires": true,
  "packages": {
    "": {
      "name": "iwaradownloadtool",
      "version": "3.0.0",
      "dependencies": {
        "@types/greasemonkey": "^4.0.4",
        "@types/tampermonkey": "^4.0.10",
        "@types/toastify-js": "^1.11.1",
        "toastify-js": "^1.12.0",
        "typescript": "^5.0.4"
      }
    },
    "node_modules/@types/greasemonkey": {
      "version": "4.0.4",
      "resolved": "https://registry.npmjs.org/@types/greasemonkey/-/greasemonkey-4.0.4.tgz",
      "integrity": "sha512-OA+sbH6cPgVMpAM2wAABY7D1ASiJ4vVD+uSmvQSwTatriWtTekDa7p1A5VUSSjBlrskCdOiKnLBjv5jU5E/8cg=="
    },
    "node_modules/@types/tampermonkey": {
      "version": "4.0.10",
      "resolved": "https://registry.npmjs.org/@types/tampermonkey/-/tampermonkey-4.0.10.tgz",
      "integrity": "sha512-E3SYtXgeXG/nnq6uAPiZh7i0XA8jLbtiXraxxHTnsSjzQcQMxWBzbcoGkHgiC+zbHXxxkynUT9zt85SpF8loNw=="
    },
    "node_modules/@types/toastify-js": {
      "version": "1.11.1",
      "resolved": "https://registry.npmjs.org/@types/toastify-js/-/toastify-js-1.11.1.tgz",
      "integrity": "sha512-Ef03kGFWseAQYIQwN83WbhRxD+DOd+X6p22j9olA/TnvE0crDMc3fyoctKSpXgEDVWq5l3p98otIdpNX1pOYMA=="
    },
    "node_modules/toastify-js": {
      "version": "1.12.0",
      "resolved": "https://registry.npmjs.org/toastify-js/-/toastify-js-1.12.0.tgz",
      "integrity": "sha512-HeMHCO9yLPvP9k0apGSdPUWrUbLnxUKNFzgUoZp1PHCLploIX/4DSQ7V8H25ef+h4iO9n0he7ImfcndnN6nDrQ=="
    },
    "node_modules/typescript": {
      "version": "5.0.4",
      "resolved": "https://registry.npmjs.org/typescript/-/typescript-5.0.4.tgz",
      "integrity": "sha512-cW9T5W9xY37cc+jfEnaUvX91foxtHkza3Nw3wkoF4sSlKn0MONdkdEndig/qPBWXNkmplh3NzayQzCiHM4/hqw==",
      "bin": {
        "tsc": "bin/tsc",
        "tsserver": "bin/tsserver"
      },
      "engines": {
        "node": ">=12.20"
      }
    }
  }
}
