{
  "name": "iwaradownloadtool",
  "version": "3.2.74",
  "lockfileVersion": 3,
  "requires": true,
  "packages": {
    "": {
      "name": "iwaradownloadtool",
      "version": "3.2.74",
      "dependencies": {
        "@types/greasemonkey": "^4.0.4",
        "@types/moment": "^2.13.0",
        "@types/tampermonkey": "^4.0.10",
        "@types/toastify-js": "^1.11.1",
        "dexie": "^3.2.6",
        "toastify-js": "^1.12.0",
        "typescript": "^5.0.4"
      }
    },
    "node_modules/@types/greasemonkey": {
      "version": "4.0.7",
      "resolved": "https://registry.npmjs.org/@types/greasemonkey/-/greasemonkey-4.0.7.tgz",
      "integrity": "sha512-DuYBRf/T4zixO/xhQ3eicZCBjjOgbSSXuHP5XkLNf/UBayrJpBniP9il/AQaPy0lffl4Bco48zgHL+pZmQ6Q0A=="
    },
    "node_modules/@types/moment": {
      "version": "2.13.0",
      "resolved": "https://registry.npmjs.org/@types/moment/-/moment-2.13.0.tgz",
      "integrity": "sha512-DyuyYGpV6r+4Z1bUznLi/Y7HpGn4iQ4IVcGn8zrr1P4KotKLdH0sbK1TFR6RGyX6B+G8u83wCzL+bpawKU/hdQ==",
      "deprecated": "This is a stub types definition for Moment (https://github.com/moment/moment). Moment provides its own type definitions, so you don't need @types/moment installed!",
      "dependencies": {
        "moment": "*"
      }
    },
    "node_modules/@types/tampermonkey": {
      "version": "4.20.4",
      "resolved": "https://registry.npmjs.org/@types/tampermonkey/-/tampermonkey-4.20.4.tgz",
      "integrity": "sha512-8w9QsNyZ2RDzmNA8UPbGvEx2Czwjg6/dEQ7Oqi5SqdNlmjJvBz+eg8bY6nt33BOsLKJERD6Kk3RGBVr5ZhcEWA=="
    },
    "node_modules/@types/toastify-js": {
      "version": "1.12.3",
      "resolved": "https://registry.npmjs.org/@types/toastify-js/-/toastify-js-1.12.3.tgz",
      "integrity": "sha512-9RjLlbAHMSaae/KZNHGv19VG4gcLIm3YjvacCXBtfMfYn26h76YP5oxXI8k26q4iKXCB9LNfv18lsoS0JnFPTg=="
    },
    "node_modules/dexie": {
      "version": "3.2.7",
      "resolved": "https://registry.npmjs.org/dexie/-/dexie-3.2.7.tgz",
      "integrity": "sha512-2a+BXvVhY5op+smDRLxeBAivE7YcYaneXJ1la3HOkUfX9zKkE/AJ8CNgjiXbtXepFyFmJNGSbmjOwqbT749r/w==",
      "engines": {
        "node": ">=6.0"
      }
    },
    "node_modules/moment": {
      "version": "2.30.1",
      "resolved": "https://registry.npmjs.org/moment/-/moment-2.30.1.tgz",
      "integrity": "sha512-uEmtNhbDOrWPFS+hdjFCBfy9f2YoyzRpwcl+DqpC6taX21FzsTLQVbMV/W7PzNSX6x/bhC1zA3c2UQ5NzH6how==",
      "engines": {
        "node": "*"
      }
    },
    "node_modules/toastify-js": {
      "version": "1.12.0",
      "resolved": "https://registry.npmjs.org/toastify-js/-/toastify-js-1.12.0.tgz",
      "integrity": "sha512-HeMHCO9yLPvP9k0apGSdPUWrUbLnxUKNFzgUoZp1PHCLploIX/4DSQ7V8H25ef+h4iO9n0he7ImfcndnN6nDrQ=="
    },
    "node_modules/typescript": {
      "version": "5.5.4",
      "resolved": "https://registry.npmjs.org/typescript/-/typescript-5.5.4.tgz",
      "integrity": "sha512-Mtq29sKDAEYP7aljRgtPOpTvOfbwRWlS6dPRzwjdE+C0R4brX/GUyhHSecbHMFLNBLcJIPt9nl9yG5TZ1weH+Q==",
      "bin": {
        "tsc": "bin/tsc",
        "tsserver": "bin/tsserver"
      },
      "engines": {
        "node": ">=14.17"
      }
    }
  }
}
